
Microsoft Visual Studio Solution File, Format Version 12.00
# Visual Studio Version 16
VisualStudioVersion = 16.0.30225.117
MinimumVisualStudioVersion = 10.0.40219.1
Project("{2150E333-8FDC-42A3-9474-1A3956D46DE8}") = "src", "src", "{A38C0753-D233-4075-87D0-EE494FFA3642}"
EndProject
Project("{9A19103F-16F7-4668-BE54-9A1E7A4F7556}") = "EX.Common", "src\EX.Common\EX.Common.csproj", "{00A45AD4-AE6B-4547-AC9E-85654718AC12}"
EndProject
Project("{2150E333-8FDC-42A3-9474-1A3956D46DE8}") = "demo", "demo", "{94542DB4-2085-4850-9F0E-F70F7BC18288}"
EndProject
Project("{2150E333-8FDC-42A3-9474-1A3956D46DE8}") = "libs", "libs", "{79EB0E10-40DD-4C0C-965D-A1BCD58A4238}"
EndProject
Project("{FAE04EC0-301F-11D3-BF4B-00C04F79EFBC}") = "EX.Desktop", "src\EX.Desktop\EX.Desktop.csproj", "{2B708755-05B0-4CAE-8C9B-74DD78C9F49B}"
EndProject
Project("{FAE04EC0-301F-11D3-BF4B-00C04F79EFBC}") = "NAudio.WaveRenderer", "libs\NAudio.WaveRenderer\NAudio.WaveRenderer.csproj", "{3EFEF2D1-5D08-46FD-AF6D-098DBE7FB3B4}"
EndProject
Project("{2150E333-8FDC-42A3-9474-1A3956D46DE8}") = "tests", "tests", "{3C22FB41-065C-4B05-A01F-D752A4A65120}"
EndProject
Project("{FAE04EC0-301F-11D3-BF4B-00C04F79EFBC}") = "EX.ScreenShot", "demo\EX.ScreenShot\EX.ScreenShot.csproj", "{5D08EE55-0C62-4FE8-81E6-E3828AE9C7A4}"
EndProject
Project("{9A19103F-16F7-4668-BE54-9A1E7A4F7556}") = "EX.AudioRecoder", "demo\EX.AudioRecoder\EX.AudioRecoder.csproj", "{D0010DF6-C661-45B4-A48B-74B5E41772BA}"
EndProject
Project("{FAE04EC0-301F-11D3-BF4B-00C04F79EFBC}") = "EX.CheckSpeed", "demo\EX.CheckSpeed\EX.CheckSpeed.csproj", "{90ADED03-E8B5-49C3-864B-2FCCD604B5D9}"
EndProject
Project("{FAE04EC0-301F-11D3-BF4B-00C04F79EFBC}") = "EX.CameraWatcher", "demo\EX.CameraWatcher\EX.CameraWatcher.csproj", "{E9085B58-A626-44FE-A28E-CD51AA9600B9}"
EndProject
Project("{FAE04EC0-301F-11D3-BF4B-00C04F79EFBC}") = "EX.ScreenRecorder", "demo\EX.ScreenRecorder\EX.ScreenRecorder.csproj", "{F1BDBACC-6658-42B0-8D52-DF98C04730F5}"
EndProject
Project("{FAE04EC0-301F-11D3-BF4B-00C04F79EFBC}") = "EX.VideoMaker", "demo\EX.VideoMaker\EX.VideoMaker.csproj", "{00A464F0-F660-4D06-BE73-6EEB5DB6BF7E}"
EndProject
Project("{FAE04EC0-301F-11D3-BF4B-00C04F79EFBC}") = "Win32Pinvoke", "libs\Win32Pinvoke\Win32Pinvoke.csproj", "{9CC1A092-3F39-4799-BED5-6958BB8AE316}"
EndProject
Project("{9A19103F-16F7-4668-BE54-9A1E7A4F7556}") = "EX.WebCamera", "demo\EX.WebCamera\EX.WebCamera.csproj", "{A2B480CA-24D5-4B42-AB1F-F11A54998CF6}"
EndProject
Project("{FAE04EC0-301F-11D3-BF4B-00C04F79EFBC}") = "EasyToast", "libs\EasyToast\EasyToast.csproj", "{25990F91-291E-4CE6-9E20-87D1735BE0E3}"
EndProject
Project("{54435603-DBB4-11D2-8724-00A0C9A8B90C}") = "EX.Installer", "tests\EX.Installer\EX.Installer.vdproj", "{68BE61E4-F75C-4AD7-BDC7-12CFB318F9A5}"
EndProject
Global
	GlobalSection(SolutionConfigurationPlatforms) = preSolution
		Debug|Any CPU = Debug|Any CPU
		Debug|x64 = Debug|x64
		Debug|x86 = Debug|x86
		Release|Any CPU = Release|Any CPU
		Release|x64 = Release|x64
		Release|x86 = Release|x86
	EndGlobalSection
	GlobalSection(ProjectConfigurationPlatforms) = postSolution
		{00A45AD4-AE6B-4547-AC9E-85654718AC12}.Debug|Any CPU.ActiveCfg = Debug|Any CPU
		{00A45AD4-AE6B-4547-AC9E-85654718AC12}.Debug|Any CPU.Build.0 = Debug|Any CPU
		{00A45AD4-AE6B-4547-AC9E-85654718AC12}.Debug|x64.ActiveCfg = Debug|Any CPU
		{00A45AD4-AE6B-4547-AC9E-85654718AC12}.Debug|x64.Build.0 = Debug|Any CPU
		{00A45AD4-AE6B-4547-AC9E-85654718AC12}.Debug|x86.ActiveCfg = Debug|Any CPU
		{00A45AD4-AE6B-4547-AC9E-85654718AC12}.Debug|x86.Build.0 = Debug|Any CPU
		{00A45AD4-AE6B-4547-AC9E-85654718AC12}.Release|Any CPU.ActiveCfg = Release|Any CPU
		{00A45AD4-AE6B-4547-AC9E-85654718AC12}.Release|Any CPU.Build.0 = Release|Any CPU
		{00A45AD4-AE6B-4547-AC9E-85654718AC12}.Release|x64.ActiveCfg = Release|Any CPU
		{00A45AD4-AE6B-4547-AC9E-85654718AC12}.Release|x64.Build.0 = Release|Any CPU
		{00A45AD4-AE6B-4547-AC9E-85654718AC12}.Release|x86.ActiveCfg = Release|Any CPU
		{00A45AD4-AE6B-4547-AC9E-85654718AC12}.Release|x86.Build.0 = Release|Any CPU
		{2B708755-05B0-4CAE-8C9B-74DD78C9F49B}.Debug|Any CPU.ActiveCfg = Debug|Any CPU
		{2B708755-05B0-4CAE-8C9B-74DD78C9F49B}.Debug|Any CPU.Build.0 = Debug|Any CPU
		{2B708755-05B0-4CAE-8C9B-74DD78C9F49B}.Debug|x64.ActiveCfg = Debug|Any CPU
		{2B708755-05B0-4CAE-8C9B-74DD78C9F49B}.Debug|x64.Build.0 = Debug|Any CPU
		{2B708755-05B0-4CAE-8C9B-74DD78C9F49B}.Debug|x86.ActiveCfg = Debug|Any CPU
		{2B708755-05B0-4CAE-8C9B-74DD78C9F49B}.Debug|x86.Build.0 = Debug|Any CPU
		{2B708755-05B0-4CAE-8C9B-74DD78C9F49B}.Release|Any CPU.ActiveCfg = Release|Any CPU
		{2B708755-05B0-4CAE-8C9B-74DD78C9F49B}.Release|Any CPU.Build.0 = Release|Any CPU
		{2B708755-05B0-4CAE-8C9B-74DD78C9F49B}.Release|x64.ActiveCfg = Release|Any CPU
		{2B708755-05B0-4CAE-8C9B-74DD78C9F49B}.Release|x64.Build.0 = Release|Any CPU
		{2B708755-05B0-4CAE-8C9B-74DD78C9F49B}.Release|x86.ActiveCfg = Release|Any CPU
		{2B708755-05B0-4CAE-8C9B-74DD78C9F49B}.Release|x86.Build.0 = Release|Any CPU
		{3EFEF2D1-5D08-46FD-AF6D-098DBE7FB3B4}.Debug|Any CPU.ActiveCfg = Debug|Any CPU
		{3EFEF2D1-5D08-46FD-AF6D-098DBE7FB3B4}.Debug|Any CPU.Build.0 = Debug|Any CPU
		{3EFEF2D1-5D08-46FD-AF6D-098DBE7FB3B4}.Debug|x64.ActiveCfg = Debug|Any CPU
		{3EFEF2D1-5D08-46FD-AF6D-098DBE7FB3B4}.Debug|x64.Build.0 = Debug|Any CPU
		{3EFEF2D1-5D08-46FD-AF6D-098DBE7FB3B4}.Debug|x86.ActiveCfg = Debug|Any CPU
		{3EFEF2D1-5D08-46FD-AF6D-098DBE7FB3B4}.Debug|x86.Build.0 = Debug|Any CPU
		{3EFEF2D1-5D08-46FD-AF6D-098DBE7FB3B4}.Release|Any CPU.ActiveCfg = Release|Any CPU
		{3EFEF2D1-5D08-46FD-AF6D-098DBE7FB3B4}.Release|Any CPU.Build.0 = Release|Any CPU
		{3EFEF2D1-5D08-46FD-AF6D-098DBE7FB3B4}.Release|x64.ActiveCfg = Release|Any CPU
		{3EFEF2D1-5D08-46FD-AF6D-098DBE7FB3B4}.Release|x64.Build.0 = Release|Any CPU
		{3EFEF2D1-5D08-46FD-AF6D-098DBE7FB3B4}.Release|x86.ActiveCfg = Release|Any CPU
		{3EFEF2D1-5D08-46FD-AF6D-098DBE7FB3B4}.Release|x86.Build.0 = Release|Any CPU
		{5D08EE55-0C62-4FE8-81E6-E3828AE9C7A4}.Debug|Any CPU.ActiveCfg = Debug|Any CPU
		{5D08EE55-0C62-4FE8-81E6-E3828AE9C7A4}.Debug|Any CPU.Build.0 = Debug|Any CPU
		{5D08EE55-0C62-4FE8-81E6-E3828AE9C7A4}.Debug|x64.ActiveCfg = Debug|Any CPU
		{5D08EE55-0C62-4FE8-81E6-E3828AE9C7A4}.Debug|x64.Build.0 = Debug|Any CPU
		{5D08EE55-0C62-4FE8-81E6-E3828AE9C7A4}.Debug|x86.ActiveCfg = Debug|Any CPU
		{5D08EE55-0C62-4FE8-81E6-E3828AE9C7A4}.Debug|x86.Build.0 = Debug|Any CPU
		{5D08EE55-0C62-4FE8-81E6-E3828AE9C7A4}.Release|Any CPU.ActiveCfg = Release|Any CPU
		{5D08EE55-0C62-4FE8-81E6-E3828AE9C7A4}.Release|Any CPU.Build.0 = Release|Any CPU
		{5D08EE55-0C62-4FE8-81E6-E3828AE9C7A4}.Release|x64.ActiveCfg = Release|Any CPU
		{5D08EE55-0C62-4FE8-81E6-E3828AE9C7A4}.Release|x64.Build.0 = Release|Any CPU
		{5D08EE55-0C62-4FE8-81E6-E3828AE9C7A4}.Release|x86.ActiveCfg = Release|Any CPU
		{5D08EE55-0C62-4FE8-81E6-E3828AE9C7A4}.Release|x86.Build.0 = Release|Any CPU
		{D0010DF6-C661-45B4-A48B-74B5E41772BA}.Debug|Any CPU.ActiveCfg = Debug|Any CPU
		{D0010DF6-C661-45B4-A48B-74B5E41772BA}.Debug|Any CPU.Build.0 = Debug|Any CPU
		{D0010DF6-C661-45B4-A48B-74B5E41772BA}.Debug|x64.ActiveCfg = Debug|Any CPU
		{D0010DF6-C661-45B4-A48B-74B5E41772BA}.Debug|x64.Build.0 = Debug|Any CPU
		{D0010DF6-C661-45B4-A48B-74B5E41772BA}.Debug|x86.ActiveCfg = Debug|Any CPU
		{D0010DF6-C661-45B4-A48B-74B5E41772BA}.Debug|x86.Build.0 = Debug|Any CPU
		{D0010DF6-C661-45B4-A48B-74B5E41772BA}.Release|Any CPU.ActiveCfg = Release|Any CPU
		{D0010DF6-C661-45B4-A48B-74B5E41772BA}.Release|Any CPU.Build.0 = Release|Any CPU
		{D0010DF6-C661-45B4-A48B-74B5E41772BA}.Release|x64.ActiveCfg = Release|Any CPU
		{D0010DF6-C661-45B4-A48B-74B5E41772BA}.Release|x64.Build.0 = Release|Any CPU
		{D0010DF6-C661-45B4-A48B-74B5E41772BA}.Release|x86.ActiveCfg = Release|Any CPU
		{D0010DF6-C661-45B4-A48B-74B5E41772BA}.Release|x86.Build.0 = Release|Any CPU
		{90ADED03-E8B5-49C3-864B-2FCCD604B5D9}.Debug|Any CPU.ActiveCfg = Debug|Any CPU
		{90ADED03-E8B5-49C3-864B-2FCCD604B5D9}.Debug|Any CPU.Build.0 = Debug|Any CPU
		{90ADED03-E8B5-49C3-864B-2FCCD604B5D9}.Debug|x64.ActiveCfg = Debug|Any CPU
		{90ADED03-E8B5-49C3-864B-2FCCD604B5D9}.Debug|x64.Build.0 = Debug|Any CPU
		{90ADED03-E8B5-49C3-864B-2FCCD604B5D9}.Debug|x86.ActiveCfg = Debug|Any CPU
		{90ADED03-E8B5-49C3-864B-2FCCD604B5D9}.Debug|x86.Build.0 = Debug|Any CPU
		{90ADED03-E8B5-49C3-864B-2FCCD604B5D9}.Release|Any CPU.ActiveCfg = Release|Any CPU
		{90ADED03-E8B5-49C3-864B-2FCCD604B5D9}.Release|Any CPU.Build.0 = Release|Any CPU
		{90ADED03-E8B5-49C3-864B-2FCCD604B5D9}.Release|x64.ActiveCfg = Release|Any CPU
		{90ADED03-E8B5-49C3-864B-2FCCD604B5D9}.Release|x64.Build.0 = Release|Any CPU
		{90ADED03-E8B5-49C3-864B-2FCCD604B5D9}.Release|x86.ActiveCfg = Release|Any CPU
		{90ADED03-E8B5-49C3-864B-2FCCD604B5D9}.Release|x86.Build.0 = Release|Any CPU
		{E9085B58-A626-44FE-A28E-CD51AA9600B9}.Debug|Any CPU.ActiveCfg = Debug|Any CPU
		{E9085B58-A626-44FE-A28E-CD51AA9600B9}.Debug|Any CPU.Build.0 = Debug|Any CPU
		{E9085B58-A626-44FE-A28E-CD51AA9600B9}.Debug|x64.ActiveCfg = Debug|Any CPU
		{E9085B58-A626-44FE-A28E-CD51AA9600B9}.Debug|x64.Build.0 = Debug|Any CPU
		{E9085B58-A626-44FE-A28E-CD51AA9600B9}.Debug|x86.ActiveCfg = Debug|Any CPU
		{E9085B58-A626-44FE-A28E-CD51AA9600B9}.Debug|x86.Build.0 = Debug|Any CPU
		{E9085B58-A626-44FE-A28E-CD51AA9600B9}.Release|Any CPU.ActiveCfg = Release|Any CPU
		{E9085B58-A626-44FE-A28E-CD51AA9600B9}.Release|Any CPU.Build.0 = Release|Any CPU
		{E9085B58-A626-44FE-A28E-CD51AA9600B9}.Release|x64.ActiveCfg = Release|Any CPU
		{E9085B58-A626-44FE-A28E-CD51AA9600B9}.Release|x64.Build.0 = Release|Any CPU
		{E9085B58-A626-44FE-A28E-CD51AA9600B9}.Release|x86.ActiveCfg = Release|Any CPU
		{E9085B58-A626-44FE-A28E-CD51AA9600B9}.Release|x86.Build.0 = Release|Any CPU
		{F1BDBACC-6658-42B0-8D52-DF98C04730F5}.Debug|Any CPU.ActiveCfg = Debug|Any CPU
		{F1BDBACC-6658-42B0-8D52-DF98C04730F5}.Debug|Any CPU.Build.0 = Debug|Any CPU
		{F1BDBACC-6658-42B0-8D52-DF98C04730F5}.Debug|x64.ActiveCfg = Debug|Any CPU
		{F1BDBACC-6658-42B0-8D52-DF98C04730F5}.Debug|x64.Build.0 = Debug|Any CPU
		{F1BDBACC-6658-42B0-8D52-DF98C04730F5}.Debug|x86.ActiveCfg = Debug|Any CPU
		{F1BDBACC-6658-42B0-8D52-DF98C04730F5}.Debug|x86.Build.0 = Debug|Any CPU
		{F1BDBACC-6658-42B0-8D52-DF98C04730F5}.Release|Any CPU.ActiveCfg = Release|Any CPU
		{F1BDBACC-6658-42B0-8D52-DF98C04730F5}.Release|Any CPU.Build.0 = Release|Any CPU
		{F1BDBACC-6658-42B0-8D52-DF98C04730F5}.Release|x64.ActiveCfg = Release|Any CPU
		{F1BDBACC-6658-42B0-8D52-DF98C04730F5}.Release|x64.Build.0 = Release|Any CPU
		{F1BDBACC-6658-42B0-8D52-DF98C04730F5}.Release|x86.ActiveCfg = Release|Any CPU
		{F1BDBACC-6658-42B0-8D52-DF98C04730F5}.Release|x86.Build.0 = Release|Any CPU
		{00A464F0-F660-4D06-BE73-6EEB5DB6BF7E}.Debug|Any CPU.ActiveCfg = Debug|Any CPU
		{00A464F0-F660-4D06-BE73-6EEB5DB6BF7E}.Debug|Any CPU.Build.0 = Debug|Any CPU
		{00A464F0-F660-4D06-BE73-6EEB5DB6BF7E}.Debug|x64.ActiveCfg = Debug|Any CPU
		{00A464F0-F660-4D06-BE73-6EEB5DB6BF7E}.Debug|x64.Build.0 = Debug|Any CPU
		{00A464F0-F660-4D06-BE73-6EEB5DB6BF7E}.Debug|x86.ActiveCfg = Debug|Any CPU
		{00A464F0-F660-4D06-BE73-6EEB5DB6BF7E}.Debug|x86.Build.0 = Debug|Any CPU
		{00A464F0-F660-4D06-BE73-6EEB5DB6BF7E}.Release|Any CPU.ActiveCfg = Release|Any CPU
		{00A464F0-F660-4D06-BE73-6EEB5DB6BF7E}.Release|Any CPU.Build.0 = Release|Any CPU
		{00A464F0-F660-4D06-BE73-6EEB5DB6BF7E}.Release|x64.ActiveCfg = Release|Any CPU
		{00A464F0-F660-4D06-BE73-6EEB5DB6BF7E}.Release|x64.Build.0 = Release|Any CPU
		{00A464F0-F660-4D06-BE73-6EEB5DB6BF7E}.Release|x86.ActiveCfg = Release|Any CPU
		{00A464F0-F660-4D06-BE73-6EEB5DB6BF7E}.Release|x86.Build.0 = Release|Any CPU
		{9CC1A092-3F39-4799-BED5-6958BB8AE316}.Debug|Any CPU.ActiveCfg = Debug|Any CPU
		{9CC1A092-3F39-4799-BED5-6958BB8AE316}.Debug|Any CPU.Build.0 = Debug|Any CPU
		{9CC1A092-3F39-4799-BED5-6958BB8AE316}.Debug|x64.ActiveCfg = Debug|Any CPU
		{9CC1A092-3F39-4799-BED5-6958BB8AE316}.Debug|x64.Build.0 = Debug|Any CPU
		{9CC1A092-3F39-4799-BED5-6958BB8AE316}.Debug|x86.ActiveCfg = Debug|Any CPU
		{9CC1A092-3F39-4799-BED5-6958BB8AE316}.Debug|x86.Build.0 = Debug|Any CPU
		{9CC1A092-3F39-4799-BED5-6958BB8AE316}.Release|Any CPU.ActiveCfg = Release|Any CPU
		{9CC1A092-3F39-4799-BED5-6958BB8AE316}.Release|Any CPU.Build.0 = Release|Any CPU
		{9CC1A092-3F39-4799-BED5-6958BB8AE316}.Release|x64.ActiveCfg = Release|Any CPU
		{9CC1A092-3F39-4799-BED5-6958BB8AE316}.Release|x64.Build.0 = Release|Any CPU
		{9CC1A092-3F39-4799-BED5-6958BB8AE316}.Release|x86.ActiveCfg = Release|Any CPU
		{9CC1A092-3F39-4799-BED5-6958BB8AE316}.Release|x86.Build.0 = Release|Any CPU
		{A2B480CA-24D5-4B42-AB1F-F11A54998CF6}.Debug|Any CPU.ActiveCfg = Debug|Any CPU
		{A2B480CA-24D5-4B42-AB1F-F11A54998CF6}.Debug|Any CPU.Build.0 = Debug|Any CPU
		{A2B480CA-24D5-4B42-AB1F-F11A54998CF6}.Debug|x64.ActiveCfg = Debug|Any CPU
		{A2B480CA-24D5-4B42-AB1F-F11A54998CF6}.Debug|x64.Build.0 = Debug|Any CPU
		{A2B480CA-24D5-4B42-AB1F-F11A54998CF6}.Debug|x86.ActiveCfg = Debug|Any CPU
		{A2B480CA-24D5-4B42-AB1F-F11A54998CF6}.Debug|x86.Build.0 = Debug|Any CPU
		{A2B480CA-24D5-4B42-AB1F-F11A54998CF6}.Release|Any CPU.ActiveCfg = Release|Any CPU
		{A2B480CA-24D5-4B42-AB1F-F11A54998CF6}.Release|Any CPU.Build.0 = Release|Any CPU
		{A2B480CA-24D5-4B42-AB1F-F11A54998CF6}.Release|x64.ActiveCfg = Release|Any CPU
		{A2B480CA-24D5-4B42-AB1F-F11A54998CF6}.Release|x64.Build.0 = Release|Any CPU
		{A2B480CA-24D5-4B42-AB1F-F11A54998CF6}.Release|x86.ActiveCfg = Release|Any CPU
		{A2B480CA-24D5-4B42-AB1F-F11A54998CF6}.Release|x86.Build.0 = Release|Any CPU
		{25990F91-291E-4CE6-9E20-87D1735BE0E3}.Debug|Any CPU.ActiveCfg = Debug|Any CPU
		{25990F91-291E-4CE6-9E20-87D1735BE0E3}.Debug|Any CPU.Build.0 = Debug|Any CPU
		{25990F91-291E-4CE6-9E20-87D1735BE0E3}.Debug|x64.ActiveCfg = Debug|Any CPU
		{25990F91-291E-4CE6-9E20-87D1735BE0E3}.Debug|x64.Build.0 = Debug|Any CPU
		{25990F91-291E-4CE6-9E20-87D1735BE0E3}.Debug|x86.ActiveCfg = Debug|Any CPU
		{25990F91-291E-4CE6-9E20-87D1735BE0E3}.Debug|x86.Build.0 = Debug|Any CPU
		{25990F91-291E-4CE6-9E20-87D1735BE0E3}.Release|Any CPU.ActiveCfg = Release|Any CPU
		{25990F91-291E-4CE6-9E20-87D1735BE0E3}.Release|Any CPU.Build.0 = Release|Any CPU
		{25990F91-291E-4CE6-9E20-87D1735BE0E3}.Release|x64.ActiveCfg = Release|Any CPU
		{25990F91-291E-4CE6-9E20-87D1735BE0E3}.Release|x64.Build.0 = Release|Any CPU
		{25990F91-291E-4CE6-9E20-87D1735BE0E3}.Release|x86.ActiveCfg = Release|Any CPU
		{25990F91-291E-4CE6-9E20-87D1735BE0E3}.Release|x86.Build.0 = Release|Any CPU
		{68BE61E4-F75C-4AD7-BDC7-12CFB318F9A5}.Debug|Any CPU.ActiveCfg = Debug
		{68BE61E4-F75C-4AD7-BDC7-12CFB318F9A5}.Debug|x64.ActiveCfg = Debug
		{68BE61E4-F75C-4AD7-BDC7-12CFB318F9A5}.Debug|x64.Build.0 = Debug
		{68BE61E4-F75C-4AD7-BDC7-12CFB318F9A5}.Debug|x86.ActiveCfg = Debug
		{68BE61E4-F75C-4AD7-BDC7-12CFB318F9A5}.Debug|x86.Build.0 = Debug
		{68BE61E4-F75C-4AD7-BDC7-12CFB318F9A5}.Release|Any CPU.ActiveCfg = Release
		{68BE61E4-F75C-4AD7-BDC7-12CFB318F9A5}.Release|Any CPU.Build.0 = Release
		{68BE61E4-F75C-4AD7-BDC7-12CFB318F9A5}.Release|x64.ActiveCfg = Release
		{68BE61E4-F75C-4AD7-BDC7-12CFB318F9A5}.Release|x64.Build.0 = Release
		{68BE61E4-F75C-4AD7-BDC7-12CFB318F9A5}.Release|x86.ActiveCfg = Release
		{68BE61E4-F75C-4AD7-BDC7-12CFB318F9A5}.Release|x86.Build.0 = Release
	EndGlobalSection
	GlobalSection(SolutionProperties) = preSolution
		HideSolutionNode = FALSE
	EndGlobalSection
	GlobalSection(NestedProjects) = preSolution
		{00A45AD4-AE6B-4547-AC9E-85654718AC12} = {A38C0753-D233-4075-87D0-EE494FFA3642}
		{2B708755-05B0-4CAE-8C9B-74DD78C9F49B} = {A38C0753-D233-4075-87D0-EE494FFA3642}
		{3EFEF2D1-5D08-46FD-AF6D-098DBE7FB3B4} = {79EB0E10-40DD-4C0C-965D-A1BCD58A4238}
		{5D08EE55-0C62-4FE8-81E6-E3828AE9C7A4} = {94542DB4-2085-4850-9F0E-F70F7BC18288}
		{D0010DF6-C661-45B4-A48B-74B5E41772BA} = {94542DB4-2085-4850-9F0E-F70F7BC18288}
		{90ADED03-E8B5-49C3-864B-2FCCD604B5D9} = {94542DB4-2085-4850-9F0E-F70F7BC18288}
		{E9085B58-A626-44FE-A28E-CD51AA9600B9} = {94542DB4-2085-4850-9F0E-F70F7BC18288}
		{F1BDBACC-6658-42B0-8D52-DF98C04730F5} = {94542DB4-2085-4850-9F0E-F70F7BC18288}
		{00A464F0-F660-4D06-BE73-6EEB5DB6BF7E} = {94542DB4-2085-4850-9F0E-F70F7BC18288}
		{9CC1A092-3F39-4799-BED5-6958BB8AE316} = {79EB0E10-40DD-4C0C-965D-A1BCD58A4238}
		{A2B480CA-24D5-4B42-AB1F-F11A54998CF6} = {94542DB4-2085-4850-9F0E-F70F7BC18288}
		{25990F91-291E-4CE6-9E20-87D1735BE0E3} = {79EB0E10-40DD-4C0C-965D-A1BCD58A4238}
		{68BE61E4-F75C-4AD7-BDC7-12CFB318F9A5} = {3C22FB41-065C-4B05-A01F-D752A4A65120}
	EndGlobalSection
	GlobalSection(ExtensibilityGlobals) = postSolution
		SolutionGuid = {82EC5BC5-2846-46B4-A7BB-892EF538DAC8}
	EndGlobalSection
EndGlobal
